
Microsoft Visual Studio Solution File, Format Version 12.00
# Visual Studio Version 16
VisualStudioVersion = 16.0.810.10
MinimumVisualStudioVersion = 10.0.40219.1
Project("{FAE04EC0-301F-11D3-BF4B-00C04F79EFBC}") = "CircleApp", "CircleApp\CircleApp.csproj", "{6E8896B5-01FE-42E5-8F05-F16F7C4F5998}"
EndProject
Global
	GlobalSection(SolutionConfigurationPlatforms) = preSolution
		Debug|Any CPU = Debug|Any CPU
		Release|Any CPU = Release|Any CPU
	EndGlobalSection
	GlobalSection(ProjectConfigurationPlatforms) = postSolution
		{6E8896B5-01FE-42E5-8F05-F16F7C4F5998}.Debug|Any CPU.ActiveCfg = Debug|Any CPU
		{6E8896B5-01FE-42E5-8F05-F16F7C4F5998}.Debug|Any CPU.Build.0 = Debug|Any CPU
		{6E8896B5-01FE-42E5-8F05-F16F7C4F5998}.Release|Any CPU.ActiveCfg = Release|Any CPU
		{6E8896B5-01FE-42E5-8F05-F16F7C4F5998}.Release|Any CPU.Build.0 = Release|Any CPU
	EndGlobalSection
	GlobalSection(SolutionProperties) = preSolution
		HideSolutionNode = FALSE
	EndGlobalSection
	GlobalSection(ExtensibilityGlobals) = postSolution
		SolutionGuid = {1A0EE329-16F4-40AC-B476-B436B9821EAE}
	EndGlobalSection
EndGlobal
